
Microsoft Visual Studio Solution File, Format Version 12.00
# Visual Studio 15
VisualStudioVersion = 15.0.27703.2000
MinimumVisualStudioVersion = 10.0.40219.1
Project("{9A19103F-16F7-4668-BE54-9A1E7A4F7556}") = "DigraphsLookup", "DigraphsLookup\DigraphsLookup.csproj", "{7DA0A5D0-4407-4CFF-A98C-6AB64A041071}"
EndProject
Project("{FAE04EC0-301F-11D3-BF4B-00C04F79EFBC}") = "DigraphsLookup.Tests", "DigraphsLookup.Tests\DigraphsLookup.Tests.csproj", "{5E80ADE0-3C57-4010-AE72-58446D064D00}"
EndProject
Global
	GlobalSection(SolutionConfigurationPlatforms) = preSolution
		Debug|Any CPU = Debug|Any CPU
		Release|Any CPU = Release|Any CPU
	EndGlobalSection
	GlobalSection(ProjectConfigurationPlatforms) = postSolution
		{7DA0A5D0-4407-4CFF-A98C-6AB64A041071}.Debug|Any CPU.ActiveCfg = Debug|Any CPU
		{7DA0A5D0-4407-4CFF-A98C-6AB64A041071}.Debug|Any CPU.Build.0 = Debug|Any CPU
		{7DA0A5D0-4407-4CFF-A98C-6AB64A041071}.Release|Any CPU.ActiveCfg = Release|Any CPU
		{7DA0A5D0-4407-4CFF-A98C-6AB64A041071}.Release|Any CPU.Build.0 = Release|Any CPU
		{5E80ADE0-3C57-4010-AE72-58446D064D00}.Debug|Any CPU.ActiveCfg = Debug|Any CPU
		{5E80ADE0-3C57-4010-AE72-58446D064D00}.Debug|Any CPU.Build.0 = Debug|Any CPU
		{5E80ADE0-3C57-4010-AE72-58446D064D00}.Release|Any CPU.ActiveCfg = Release|Any CPU
		{5E80ADE0-3C57-4010-AE72-58446D064D00}.Release|Any CPU.Build.0 = Release|Any CPU
	EndGlobalSection
	GlobalSection(SolutionProperties) = preSolution
		HideSolutionNode = FALSE
	EndGlobalSection
	GlobalSection(ExtensibilityGlobals) = postSolution
		SolutionGuid = {F89501F2-6F74-4CEB-9855-33DB97DBC9F6}
	EndGlobalSection
EndGlobal
